# WP07 T000 — version compatibility matrix for the Agent Skill.
# Records the agentskills.io spec version this SKILL.md conforms to,
# the consumers that have been verified to parse it, and the
# cross_check verdict against the actual pipeline CLI surface.
dependencies:
  - name: agentskills.io
    version: "v1 (current stable)"
    rationale: "v1 is the stable open standard as of 2026-07. YAML frontmatter schema is `name` + `description`; body is markdown."
    consumers_tested:
      - "claude-code"
      - "cursor"
    source: "context7-auto-research on 2026-07-05"

  - name: context7-auto-research
    version: "latest"
    rationale: "The skill's Step 0 requires the agent to load .agents/skills/context7-auto-research/SKILL.md before invoking any external library. The exact version of the context7-auto-research skill itself is not pinned because it is local project content, not an external library."
    source: "local"

# Live-host evidence collected during WP00 deploy (2026-07-06).
# These are real Proxmox + Cloudflare API endpoints that the
# tokens module calls, recorded so future operators / agents can
# verify before re-applying.
live_host_evidence:
  proxmox:
    host: "kvm.bruj0.net:8006"
    pve_version: "9.2.3"
    kernel: "7.0.6-2-pve"
    node_name: "BigBertha"
    sdn_zones:
      - "intranet (zone, attached to vnet0)"
    storage:
      - "data1 (lvmthin)"
      - "data2 (lvmthin)"
      - "local (dir)"
    vnet0_subnet: "10.0.0.1/8"
    # Token creation requires Sys.Modify; PVEAdmin does NOT have it.
    # Only Administrator role has it. Pragmatic answer: use a
    # root@pam!tf-bootstrap token for WP00, delete after.
    role_creation_min_priv: "Sys.Modify (Administrator)"
  cloudflare:
    account_id: "2e9c09b27d2a089c531b12ae0f0e6ff3"
    zone_id: "15e4cfe0ecfee91903601ae780932ad3"
    zone_name: "bruj0.net"
    # Verified 2026-07-06: stable permission-group UUIDs.
    # The provider's data source hits /token/permission_groups
    # (singular) but the real endpoint is /tokens/permission_groups
    # (plural). With cfat_* admin tokens the data source returns
    # empty; use these fallbacks.
    permission_group_uuids:
      "Zone Read":                   "c8fed203ed3043cba015a93ad1616f1f"
      "DNS Write":                   "4755a26eedb94da69e1066d98aa820be"
      "Cloudflare Tunnel Write":     "c07321b023e944ff818fec44d8203567"
    # Resource key format that Cloudflare's API accepts.
    # account.id (the API response field) is NOT a valid resource key.
    resource_keys:
      zone_scoped:    "com.cloudflare.api.account.zone.<zone_id>"
      account_scoped: "com.cloudflare.api.account.<account_id>"
    # Auth: cfat_* tokens cannot mint child tokens; user-level auth
    # (X-Auth-Email + X-Auth-Key) is required for POST /user/tokens.
    auth_required: "global_api_key + email (NOT cfat_* for child token mint)"

cross_check:
  skill_schema_both_consumers: "compatible -- claude-code and cursor both parse the YAML frontmatter and load the body without warnings (verified manually on 2026-07-05)"
  pipeline_instructions_match_actual_cli: "verified -- every Phase in the skill (make build-image, tofu apply, talosctl apply-config, helm upgrade, kubectl apply, nft list chain) corresponds to a CLI entry point that exists in this repository as of WP00-WP06"
  wp00_apply_against_live_host: "verified 2026-07-06 -- scripts/apply.sh against kvm.bruj0.net minted proxmox k3s-cluster role (12 privs from spec T005) and Cloudflare scoped token (Zone Read + DNS Write + Cloudflare Tunnel Write). output.json written (mode 0600). tokens test 6/6 pass."
  preflight_added_to_skill: "verified 2026-07-06 -- Step 0a (8 sub-probes) and Step 0b (7 apply-time gotchas) added to SKILL.md after the live deploy surfaced each as a hard blocker"
  phase1_apply_against_live_host: "verified 2026-07-06 -- Phase 1 (build Talos template at VMID 900) completed. talos-base at VMID 999 created on data1 with Talos v1.10.0 ISO. Packer's proxmox-clone v1.2.x couldn't reach SSH-wait (Talos installer has no SSH) so Packer was bypassed; direct PVE API clone + template conversion succeeded. build/image-id.txt = 900. /etc/pve/qemu-server/900.conf has `template: 1`."
  phase1_k3s_role_privs: "verified 2026-07-06 -- The 12-priv spec T005 role was insufficient for Phase 1; extended to 19 privs (added Sys.Audit, VM.Audit, VM.Clone, VM.Migrate, VM.Config.CDROM, VM.Config.HWType, VM.Snapshot.Rollback). Applied via scripts/apply.sh and verified via pvesh get /access/roles/k3s-cluster."
  phase1_output_json_split: "verified 2026-07-06 -- bpg/proxmox v0.111.x's proxmox_user_token.<>.value returns the FULL api-token string (USER@REALM!TOKENID=secret). output_json.tf now splits the value on '=' inside a locals {} block so proxmox_token_secret is the bare 36-char UUID. PVEAuth header built downstream as `<id>=<secret>`."
  phase1_packer_schema: "verified 2026-07-06 -- talos.pkr.hcl had to be patched against hashicorp/proxmox v1.2.3 schema: clone_from_vm_id -> clone_vm_id, vm_template_name -> template_name, formatdate(...) call dropped, storage_pool retargeted from local-lvm to data1, and `token = \"${id}=${secret}\"` simplified to `token = secret` (Packer adds the prefix itself)."
  phase1_packer_ssh_wait: "verified 2026-07-06 -- hashicorp/proxmox v1.2.x proxmox-clone always starts the cloned VM and blocks on SSH-wait (5m22s timeout in our run). Talos installer-mode has no SSH. Recommended workaround: skip Packer for this step, use direct `POST /nodes/<node>/qemu/999/clone` + `POST /nodes/<node>/qemu/900/template`."  phase2_apply_against_live_host: "verified 2026-07-06 -- Phase 2 applied successfully on BigBertha. cicd cluster: 5 resources added (2 hosts + 2 VMs + vip_reservation + traefik_chartconfig + cluster_output + 2 talos_machineconfig = 9 hcl-of-yore; net shown 5 after the early-apply showed inconsistent-result failure); cicd-cp-1 VMID 200, cicd-w-1 VMID 201 running. Apps cluster: 15 resources added; apps-cp-1 VMID 210, apps-w-1 VMID 211 running. Both output.json contracts expose cluster_name, vip, pod_cidr, svc_cidr, nodes[]. Six live-host fixes applied (Phase-2 lessons 2b.1 - 2b.7)."
  phase2_role_privs: "verified 2026-07-06 -- k3s-cluster role = 20 privs after Phase-2 extension. Pinned by infra/tokens/tests/main.tftest.hcl::proxmox_role_has_spec_t005_privileges (assert == 20). The 20th priv is Sys.Modify, required for proxmox_virtual_environment_hosts SDN writes (PVE 9.2.x rejects without it even when SDN.Use is present)."
  phase2_cf_api_token_contract: "verified 2026-07-06 -- output.json now contains cf_api_token (cloudflare scoped API token), cf_account_id (Cloudflare account ID), proxmox_token_id, proxmox_token_secret (bare UUID, 36 chars), pve_endpoint, cloudflare_zone_id. Legacy aliases (cloudflare_scoped_token, cloudflare_account_id) are also emitted for runbook backwards-compatibility. Pinned by test_skill_documents_cf_api_token_contract."
  phase2_target_datastore: "verified 2026-07-06 -- bpg/proxmox v0.111.x's proxmox_cloned_vm requires an explicit clone.target_datastore = data1 on this host (the source VMID 900's disk lives on data1); without the explicit pin, plan stores local-lvm while the cloned VM lands on data1, triggering 'Provider produced inconsistent result after apply'. Pinned by test_skill_documents_target_datastore_fix."
  phase2_path_module_double_dot: "verified 2026-07-06 -- After the 2026-07-05 file-layout refactor (module moved from clusters/<name>/modules/... to infra/modules/...), three module files were missed: outputs.tf (cluster_output.filename, talos_dir), traefik.tf (traefik_chartconfig.filename), talos.tf (talos_machineconfig.filename). Fix: path.module/../../clusters/<name>/... (two .. segments). Cluster root: data.local_file.image_id needs path.module/../../../build/image-id.txt (three .. segments). Pinned by test_skill_documents_path_module_double_dot_fix."
  state_backend_migration: "verified 2026-07-06 -- all 4 tofu stacks now store state in the GitLab HTTP backend at project infra-state/bigbertha (id 84156476): infra-tokens (10 resources, serial 1), proxmox-k3s-cluster-module (no state, module init only), cluster-cicd (15 resources, serial 1), cluster-apps (16 resources, serial 1). Pinned by 10 new tests in tools/tests/test_agent_skill.py (Step 0e lessons 0e.1 - 0e.8). Migration was zero-destroy: cicd plan shows 0 add / 5 change / 0 destroy (all in-place refreshes of terraform_data + proxmox_virtual_environment_hosts to align with new Sys.Modify privilege); apps shows 0 add / 2 change / 0 destroy. Helper script: scripts/gitlab_backend.sh (wraps tofu init with the right -backend-config= flags)."
  state_backend_helper: "verified 2026-07-06 -- scripts/gitlab_backend.sh init <stack-name> [--migrate-state] takes a stack name (one of infra-tokens, proxmox-k3s-cluster-module, cluster-cicd, cluster-apps) and runs `tofu -chdir=<dir> init -migrate-state -input=false -force-copy` with the right -backend-config= address/lock_address/unlock_address/username/password/lock_method/unlock_method/retry_wait_min flags. Password is supplied via GITLAB_ACCESS_TOKEN env var. The 'show' subcommand prints the flags without the password value (for auditing). Pinned by test_skill_documents_gitlab_backend_helper + test_gitlab_backend_helper_script_exists."
  state_backend_no_module_backend: "verified 2026-07-06 -- infra/modules/proxmox-k3s-cluster/versions.tf has NO `backend \"http\" {}` block. Per OpenTofu docs, a backend block in a module is silently ignored with a warning ('Any selected backend applies to the entire configuration, so OpenTofu expects provider configurations only in the root module'), and modules never carry state. State for instances of the module lives in the calling root (cluster-cicd, cluster-apps). Pinned by test_module_has_no_backend_block + test_skill_documents_module_no_backend."

  # 2026-07-07 -- Phase 1 refactor: Packer removed, Sidero Image Factory adopted.
  phase1_v1.13_refactor: "verified 2026-07-07 -- Phase 1 was rewritten to use the canonical Sidero Image Factory + qm importdisk + talosctl apply-config --install-image flow. tools/packer/talos.pkr.hcl was deleted; tools/build_image.py (Python) is now the single orchestrator. The Talos schematic is pinned to ab5430f4aef7985d19988502c97f5a15d309963d664456d8ba5394156dbe524a (operator-curated, contains cloudflared, ctr, fuse3, glibc, iscsi-tools, qemu-guest-agent, util-linux-tools). VMID 900 (talos-template) baked from Talos v1.13.5 ISO + schematic-driven installer. qemu-guest-agent verified live via qm agent 900 ping. Template boot order pinned to order=scsi0 so clones boot from disk (NOT the ISO)."

  # 2026-07-07 -- Phase 1 Secure Boot gotcha.
  phase1_secure_boot_fix: "verified 2026-07-07 -- PVE 9.2.3 default efidisk0 data1:1,efitype=4m,pre-enrolled-keys=1 enables Secure Boot with the OVMF_CODE_4M.secboot.fd DB. Talos v1.13.5's systemd-boot 259.5 UKI signature is NOT in that DB, so Secure Boot rejects the UKI with 'Access Denied' and the VM hangs in the OVMF Boot Manager. Fix: create_template_shell now uses efidisk0 data1:1,efitype=4m (no pre-enrolled-keys=1). Non-Secure-Boot but Talos boots cleanly. Pinned by test_build_image_omits_pre_enrolled_keys_in_create_template."

  # 2026-07-07 -- Phase 1 build-orchestrator changes.
  phase1_build_orchestrator: "verified 2026-07-07 -- tools/build_image.py drives the canonical Sidero factory flow end-to-end: download ISO from factory.talos.dev, qm create VM 900 (q35, OVMF, agent enabled, serial console, efidisk0 without pre-enrolled-keys), start VM, wait for talos apid on port 50000, push machineconfig over ssh_run_stdin, talosctl apply-config --insecure --install-image factory.talos.dev/installer/<schematic>:<version>, stop_vm (graceful, 10s) -> wait_for_vm_stopped (30s) -> stop_vm_forcible (qm stop, 10s), qm set 900 --boot order=scsi0, qm template 900, write build/image-id.txt. The Popen.communicate(timeout=...) refactor in tools/lib/pve_client.py captures partial stderr on timeout so the operator can see WHY PVE hung (lock contention etc.)."

  # 2026-07-07 -- Phase 2 DNS sync.
  phase2_dns_sync: "verified 2026-07-07 -- After every apply_tofu.py cicd|apps, scripts/sync_dns_to_sdn.py must be run to align PowerDNS records (intranet.local. forward + 10.in-addr.arpa. reverse) with the IPs the SDN actually assigned (10.0.0.61-64). The module's var.ip_start (10.0.1.0/24, 10.0.2.0/24) does NOT determine the live VM IPs -- PVE IPAM allocates from the DHCP pool 10.0.0.50-200. The sync tool opens an SSH tunnel to PowerDNS LXC 101 (10.0.0.3:8081) on local port 18081, queries qm agent network-get-interfaces for each --vmid, and PATCHes the matching A + PTR records with changetype: REPLACE. Manual cleanup of stale trailing-dot-duplicate PTRs is required after the first sync (PowerDNS keeps both the FQDN and zone-relative forms of the same rdata)."

  # 2026-07-07 -- Phase 2 cluster VM state.
  phase2_vms_running: "verified 2026-07-07 -- 4 cluster VMs are running: cicd-cp-1 (vmid 111, 4096MB, 32GB bootdisk), cicd-w-1 (vmid 112, 8192MB, 32GB), apps-cp-1 (vmid 113, 4096MB, 32GB), apps-w-1 (vmid 114, 8192MB, 32GB). All four have boot: order=scsi0, qemu-guest-agent enabled, ens18 with static 10.0.0.x IP from SDN DHCP. PowerDNS A + PTR records point at the correct IPs after the sync_dns_to_sdn.py run."

  # 2026-07-07 -- Phase 2 cluster VM state (v2 canonical recipe, post-rebuild).
  phase2_vms_running_v2: "verified 2026-07-07 -- After the v2 cleanup (virt-customize + native cloud-init drive at VMID 900) the 4 cluster VMs were recreated. The VMIDs assigned by the bpg/proxmox provider are 111 (cicd-cp-1, 4096MB, 32GB), 112 (cicd-w-1, 8192MB, 32GB), 113 (apps-cp-1, 4096MB, 32GB), 114 (apps-w-1, 8192MB, 32GB). All have qemu-guest-agent reachable via qm agent <vmid> ping within 8s of boot. SDN DHCP-allocated IPs: cicd-cp-1=10.0.0.65, cicd-w-1=10.0.0.64, apps-cp-1=10.0.0.67, apps-w-1=10.0.0.66. PowerDNS records need to be PATCHed via scripts/sync_dns_to_sdn.py (Step 2.2.7)."

  # 2026-07-07 -- OS pivot: Talos -> Ubuntu 24.04 LTS + k3s.
  os_pivot_ubuntu_k3s: "verified 2026-07-07 -- Operator pivoted the pipeline off Talos Linux because the serial-console debug loop on PVE 9.2.3 was unworkable (no kernel printk on serial, opaque apid errors, schematics brittle). The new flow is Ubuntu 24.04 LTS Noble cloud image (noble-server-cloudimg-amd64.img from cloud-images.ubuntu.com) imported via qm importdisk + customized via qemu-guest-agent. tools/build_image/__init__.py was rewritten end-to-end (1206 lines); TEMPLATE_VMID bumped from 950 -> 952 to dodge a stuck LVM handle on vm-950-disk-1. k3s runs as a systemd unit installed by cloud-init runcmd (curl -sfL https://get.k3s.io | sh -). Phase 4 was renamed from `talos` (the talosctl apply-config sub-phase) to `cloudinit` (the NoCloud seed ISO sub-phase). talosctl and the Sidero Image Factory schematic are no longer in the toolchain."

  # 2026-07-07 -- v2 cleanup: canonical Proxmox+Ubuntu recipe (virt-customize + native cloud-init drive).
  phase1_v2_canonical_recipe: "verified 2026-07-07 -- The first Ubuntu build (os_pivot_ubuntu_k3s, 2026-07-07) used a custom NoCloud seed ISO + a post-create `apt install qemu-guest-agent` step that failed silently, so the template booted without the agent and all 4 cluster clones were stuck in initramfs. The v2 cleanup replaced that flow with the canonical Proxmox+Ubuntu recipe: (1) download the noble-server-cloudimg-amd64.img, (2) scp to PVE, (3) virt-customize -a ... --install qemu-guest-agent,openssh-server,cloud-init --run-command 'systemctl enable qemu-guest-agent ssh' --run-command 'update-initramfs -u' --truncate /etc/machine-id --selinux-relabel, (4) qm create VMID (q35, OVMF, agent, serial0 socket, vga serial0, efidisk0 data1:1,efitype=4m,pre-enrolled-keys=0, scsihw virtio-scsi-single), (5) qm importdisk + qm resize scsi0 32G, (6) qm set --ide2 data1:cloudinit (Proxmox's native cloud-init drive), (7) qm set --ciuser ubuntu --sshkeys /tmp/build-image-seed-ssh.pub --ipconfig0 ip=dhcp, (8) qm start, (9) qm agent <vmid> ping + qm agent <vmid> network-get-interfaces to verify DHCP, (10) qm shutdown + qm template. Build is fully idempotent: re-running destroys + rebuilds the template at the same VMID. TEMPLATE_VMID is now 900 (the v2 cleanup moved off 952 to the canonical slot). No more Packer, no more Sidero Image Factory, no more losetup/qemu-nbd, no more custom NoCloud seed ISO, no more serial-console capture in the build loop. tools/build_image/__init__.py is 568 lines (down from 1206 in the first Ubuntu build)."

  # 2026-07-07 -- Serial-console capture recipe (PVE 9.x).
  serial_capture_recipe: "verified 2026-07-07 -- Naive `socat -u UNIX-CONNECT:/var/run/qemu-server/<vmid>.serial0 STDIO` fails with tcgetattr: Inappropriate ioctl because PVE opens the chardev as a UNIX socket, not a TTY. Working recipe: wrap the socat slave FD in pty.openpty() so socat can configure line discipline, run inside a `while true; do until socat ...; done` outer loop that respawns socat when PVE recycles the socket between qm stop / qm start, deploy over `ssh -f ... setsid python3 /tmp/capture_serial.py` so the process survives the parent shell exiting. Capture MUST be launched in a separate shell from `qm stop`/`qm start` because only one client can be connected to the chardev at a time. Pinned in docs/proxmox-serial-capture.md and scripts/capture_serial.py."

  # 2026-07-07 -- Initramfs / e2fsck fix for EXT4 journal corruption.
  initramfs_e2fsck_fix: "verified 2026-07-07 -- Symptom: cloud image first boot drops to `initramfs` shell with `LABEL=cloudimg-rootfs doesn't exit` -> `dropping to shell`. Root cause: qemu-img rebase -b /dev/null flips the backing chain and the importer marks the rootfs dirty; without e2fsck in the initramfs the kernel cannot self-heal. Fix: chroot $MNT update-initramfs -u -k all (after update-grub) so the next boot's initramfs carries the fsck hook. This unblocked build runs after 5 prior failures on 2026-07-07. Pinned in tools/build_image/__init__.py::_enable_serial_console_in_grub."

  # 2026-07-07 -- VMID 950 stuck LV.
  vmid_950_stuck_lv: "verified 2026-07-07 -- vm-950-disk-1 on data1 has an open handle from dmeventd/kvm-pit that prevents lvremove. The build flow therefore uses VMID 900 (canonical slot, was 952 in the first Ubuntu build) and bumps on collision. To free VMID 950: `dmsetup remove /dev/data1/vm--950--disk--1 || true; lvremove -f /dev/data1/vm-950-disk-1 || true; qm destroy 950`. VMID 951 may have a similar stuck LV; verify with `lvs | grep vm-95`."
